
Microsoft Visual Studio Solution File, Format Version 11.00
# Visual Studio 2010
Project("{FAE04EC0-301F-11D3-BF4B-00C04F79EFBC}") = "GitWorkflows.Package", "GitWorkflows.Package\GitWorkflows.Package.csproj", "{3AE5439C-D568-4827-BA19-2575E3189EAE}"
EndProject
Project("{FAE04EC0-301F-11D3-BF4B-00C04F79EFBC}") = "GitWorkflows.Package.IntegrationTests", "GitWorkflows.Package.IntegrationTests\GitWorkflows.Package.IntegrationTests.csproj", "{13964231-668E-4AD2-B23E-9C8F2012F65F}"
EndProject
Project("{2150E333-8FDC-42A3-9474-1A3956D46DE8}") = "Solution Items", "Solution Items", "{056049E9-15B6-4285-8083-70CF1F0F8390}"
	ProjectSection(SolutionItems) = preProject
		GitWorkflows1.vsmdi = GitWorkflows1.vsmdi
		IntegrationTests.testsettings = IntegrationTests.testsettings
		UnitTests.testsettings = UnitTests.testsettings
	EndProjectSection
EndProject
Project("{FAE04EC0-301F-11D3-BF4B-00C04F79EFBC}") = "GitWorkflows.Package.Tests", "GitWorkflows.Package.Tests\GitWorkflows.Package.Tests.csproj", "{094DB287-211A-4999-A8B0-D77A2D8CA418}"
EndProject
Project("{FAE04EC0-301F-11D3-BF4B-00C04F79EFBC}") = "GitWorkflows.Common", "GitWorkflows.Common\GitWorkflows.Common.csproj", "{D9BD73D9-942C-4263-A698-8B03B854DB0E}"
EndProject
Project("{FAE04EC0-301F-11D3-BF4B-00C04F79EFBC}") = "GitWorkflows.Common.Tests", "GitWorkflows.Common.Tests\GitWorkflows.Common.Tests.csproj", "{D063A835-27C5-4698-A3A7-697A56F10CAA}"
EndProject
Project("{2150E333-8FDC-42A3-9474-1A3956D46DE8}") = "Tests", "Tests", "{0303861D-D645-4D07-956B-F56652084DC1}"
EndProject
Project("{FAE04EC0-301F-11D3-BF4B-00C04F79EFBC}") = "GitWorkflows.Git", "GitWorkflows.Git\GitWorkflows.Git.csproj", "{93E73497-98FA-4005-8541-98D2188A8CC4}"
EndProject
Global
	GlobalSection(TestCaseManagementSettings) = postSolution
		CategoryFile = GitWorkflows1.vsmdi
	EndGlobalSection
	GlobalSection(SolutionConfigurationPlatforms) = preSolution
		Debug|Any CPU = Debug|Any CPU
		Release|Any CPU = Release|Any CPU
	EndGlobalSection
	GlobalSection(ProjectConfigurationPlatforms) = postSolution
		{3AE5439C-D568-4827-BA19-2575E3189EAE}.Debug|Any CPU.ActiveCfg = Debug|Any CPU
		{3AE5439C-D568-4827-BA19-2575E3189EAE}.Debug|Any CPU.Build.0 = Debug|Any CPU
		{3AE5439C-D568-4827-BA19-2575E3189EAE}.Release|Any CPU.ActiveCfg = Release|Any CPU
		{3AE5439C-D568-4827-BA19-2575E3189EAE}.Release|Any CPU.Build.0 = Release|Any CPU
		{13964231-668E-4AD2-B23E-9C8F2012F65F}.Debug|Any CPU.ActiveCfg = Debug|Any CPU
		{13964231-668E-4AD2-B23E-9C8F2012F65F}.Debug|Any CPU.Build.0 = Debug|Any CPU
		{13964231-668E-4AD2-B23E-9C8F2012F65F}.Release|Any CPU.ActiveCfg = Release|Any CPU
		{13964231-668E-4AD2-B23E-9C8F2012F65F}.Release|Any CPU.Build.0 = Release|Any CPU
		{094DB287-211A-4999-A8B0-D77A2D8CA418}.Debug|Any CPU.ActiveCfg = Debug|Any CPU
		{094DB287-211A-4999-A8B0-D77A2D8CA418}.Debug|Any CPU.Build.0 = Debug|Any CPU
		{094DB287-211A-4999-A8B0-D77A2D8CA418}.Release|Any CPU.ActiveCfg = Release|Any CPU
		{094DB287-211A-4999-A8B0-D77A2D8CA418}.Release|Any CPU.Build.0 = Release|Any CPU
		{D9BD73D9-942C-4263-A698-8B03B854DB0E}.Debug|Any CPU.ActiveCfg = Debug|Any CPU
		{D9BD73D9-942C-4263-A698-8B03B854DB0E}.Debug|Any CPU.Build.0 = Debug|Any CPU
		{D9BD73D9-942C-4263-A698-8B03B854DB0E}.Release|Any CPU.ActiveCfg = Release|Any CPU
		{D9BD73D9-942C-4263-A698-8B03B854DB0E}.Release|Any CPU.Build.0 = Release|Any CPU
		{D063A835-27C5-4698-A3A7-697A56F10CAA}.Debug|Any CPU.ActiveCfg = Debug|Any CPU
		{D063A835-27C5-4698-A3A7-697A56F10CAA}.Debug|Any CPU.Build.0 = Debug|Any CPU
		{D063A835-27C5-4698-A3A7-697A56F10CAA}.Release|Any CPU.ActiveCfg = Release|Any CPU
		{D063A835-27C5-4698-A3A7-697A56F10CAA}.Release|Any CPU.Build.0 = Release|Any CPU
		{93E73497-98FA-4005-8541-98D2188A8CC4}.Debug|Any CPU.ActiveCfg = Debug|Any CPU
		{93E73497-98FA-4005-8541-98D2188A8CC4}.Debug|Any CPU.Build.0 = Debug|Any CPU
		{93E73497-98FA-4005-8541-98D2188A8CC4}.Release|Any CPU.ActiveCfg = Release|Any CPU
		{93E73497-98FA-4005-8541-98D2188A8CC4}.Release|Any CPU.Build.0 = Release|Any CPU
	EndGlobalSection
	GlobalSection(SolutionProperties) = preSolution
		HideSolutionNode = FALSE
	EndGlobalSection
	GlobalSection(NestedProjects) = preSolution
		{D063A835-27C5-4698-A3A7-697A56F10CAA} = {0303861D-D645-4D07-956B-F56652084DC1}
		{13964231-668E-4AD2-B23E-9C8F2012F65F} = {0303861D-D645-4D07-956B-F56652084DC1}
		{094DB287-211A-4999-A8B0-D77A2D8CA418} = {0303861D-D645-4D07-956B-F56652084DC1}
	EndGlobalSection
EndGlobal
